github.com/paulfdunn/go-helper/encodingh/v2 v2.0.5 h1:ljz32KbVUY5N/Ws67t+q9iaGqnCkzuIxtv6UnUY2Gpg=
github.com/paulfdunn/go-helper/encodingh/v2 v2.0.5/go.mod h1:IwYEDKTt+UiZbtt3BkX/GBP1co76H1zPXKdBJkjv1B8=
github.com/paulfdunn/go-helper/logh/v2 v2.0.5 h1:7vvlPGya48Iv93k+CbLXiJoqfcTBlvsFTph16pqbfMI=
github.com/paulfdunn/go-helper/logh/v2 v2.0.5/go.mod h1:aIlue2/ZKW4Fyelbf1fOtVeL08+BzoCx/8QsI6N48uk=
github.com/paulfdunn/go-helper/mathh/v2 v2.0.5 h1:CzywDJmKfmk4FNw1/ggNJbuG8cp+MKCmuxUFQnVQP6s=
github.com/paulfdunn/go-helper/mathh/v2 v2.0.5/go.mod h1:+SEStSLzb8c5zHyR+xjpCDJEWvVd8nDHq9Ndjzx194Y=
github.com/paulfdunn/go-helper/neth/v2 v2.0.5 h1:7tSfR7A3d001GnfkpmaboZAO5olXVOcGZrxiRiPZHBA=
github.com/paulfdunn/go-helper/neth/v2 v2.0.5/go.mod h1:x9RTW9Rl8Dq3fiFIofOVHt4CYuPtr/37ZJtIPLitp2A=
github.com/paulfdunn/go-helper/osh/v2 v2.0.5 h1:tDIb6PQCQimHnip1OZ5RWshsK4URGSpUFK8Dwlz92wM=
github.com/paulfdunn/go-helper/osh/v2 v2.0.5/go.mod h1:Uw/v+evgHIrCkOA/pyZit2muHyOFRLVGGrud+in8mVY=
