github.com/paulfdunn/go-helper/encodingh v1.0.7 h1:m1nTI3976nkugU2eVrNCVBzCpr4ka6Jga9JYVU0ym7E=
github.com/paulfdunn/go-helper/encodingh v1.0.7/go.mod h1:C/kmxwZfu6fMpYrkVUobPseEkivMGtysv6Mex3sjNCo=
github.com/paulfdunn/go-helper/encodingh v1.3.4 h1:+MxSJl5Qme5tPJw/ddNExx5R9DxAZZa/HGh0OLuEViE=
github.com/paulfdunn/go-helper/encodingh v1.3.4/go.mod h1:u7urJNl7ZOuetqWlkuIonbr4tGxOzzsO0BS7hLEbbRw=
github.com/paulfdunn/go-helper/logh v1.0.8 h1:FVVhAnmBo8waiJqX2TmLuY1oGxIb5rDatVaWQREo8GE=
github.com/paulfdunn/go-helper/logh v1.0.8/go.mod h1:PFr7lZL62H/g6c+3Ym7QJ2dIS8G7Awx+IhmqY1YQg+Q=
github.com/paulfdunn/go-helper/logh v1.3.4 h1:+JRobjY4IcIfZFWROkKUehg5btIv7orUDcwYDG2gSE8=
github.com/paulfdunn/go-helper/logh v1.3.4/go.mod h1:kQ9ecllPxtj+ipymHiRZ1aKRQCjSQn/eoQlwy1hK4qQ=
github.com/paulfdunn/go-helper/mathh v1.0.7 h1:acjpRTlAQvv/5PAOtDf0cZ4zki0XZ2rex6yjVBvR0tI=
github.com/paulfdunn/go-helper/mathh v1.0.7/go.mod h1:Uf3+gxz2UJG4OFhQusX2RC5nKKYsUxcFj8qyY4/HGjc=
github.com/paulfdunn/go-helper/mathh v1.3.4 h1:RPZJSQRUNtwOiu39ER+gd45PAP0u7qTZeoUTrOPMl9w=
github.com/paulfdunn/go-helper/mathh v1.3.4/go.mod h1:cpasPJjM0Ijqs7paiBSB4gHnYmglGF7kci3bTxYRYXg=
github.com/paulfdunn/go-helper/neth v1.0.10 h1:8hJV4qaPwQAhPEPjo/ytxOkJI+jL+LLWISWIhKW1CYM=
github.com/paulfdunn/go-helper/neth v1.0.10/go.mod h1:CegWcGcR+fkjVvOImUhTZDupj7PjZ7qckymGnWm29s0=
github.com/paulfdunn/go-helper/neth v1.4.4 h1:EpCrU8cVZiIYbHaSN+mg0p9AUawBQXl2GMScyA5woWY=
github.com/paulfdunn/go-helper/neth v1.4.4/go.mod h1:6YuyWt5P9oFhW54v+DNVFZk4zpFAmuiAAbuKQNCGgzE=
github.com/paulfdunn/go-helper/osh v1.0.11 h1:MXUsuT4juL/7zj6pb4opzJv2jFBnN6c641AON7iBh3w=
github.com/paulfdunn/go-helper/osh v1.0.11/go.mod h1:fxQ/0oHwpkKqGOWu0rGRvWGFU2B7kiXq8Mux/1E2LXE=
github.com/paulfdunn/go-helper/osh v1.3.3 h1:SUtR9seFv316qu6Weu2Cl+mJDTJQ7jBqLtNzu3A8Qg0=
github.com/paulfdunn/go-helper/osh v1.3.3/go.mod h1:vw9S4fgUY7NDcwyxy9O9xHdCVhk+VqgHQFiICEMsoxQ=
github.com/paulfdunn/go-helper/osh v1.3.4/go.mod h1:vw9S4fgUY7NDcwyxy9O9xHdCVhk+VqgHQFiICEMsoxQ=
